
Microsoft Visual Studio Solution File, Format Version 12.00
# Visual Studio Version 17
VisualStudioVersion = 17.9.34701.34
MinimumVisualStudioVersion = 10.0.40219.1
Project("{FAE04EC0-301F-11D3-BF4B-00C04F79EFBC}") = "MAKRtiRidCompare", "MAKRtiRidCompare.csproj", "{3918FEAD-57A5-4DF2-B91C-3F69DC458978}"
EndProject
Global
	GlobalSection(SolutionConfigurationPlatforms) = preSolution
		Debug|Any CPU = Debug|Any CPU
		Release|Any CPU = Release|Any CPU
	EndGlobalSection
	GlobalSection(ProjectConfigurationPlatforms) = postSolution
		{3918FEAD-57A5-4DF2-B91C-3F69DC458978}.Debug|Any CPU.ActiveCfg = Debug|Any CPU
		{3918FEAD-57A5-4DF2-B91C-3F69DC458978}.Debug|Any CPU.Build.0 = Debug|Any CPU
		{3918FEAD-57A5-4DF2-B91C-3F69DC458978}.Release|Any CPU.ActiveCfg = Release|Any CPU
		{3918FEAD-57A5-4DF2-B91C-3F69DC458978}.Release|Any CPU.Build.0 = Release|Any CPU
	EndGlobalSection
	GlobalSection(SolutionProperties) = preSolution
		HideSolutionNode = FALSE
	EndGlobalSection
	GlobalSection(ExtensibilityGlobals) = postSolution
		SolutionGuid = {F29A815A-DFEB-4BF8-98C8-44E492513FA1}
	EndGlobalSection
EndGlobal
